# This file was autogenerated by uv via the following command:
#    uv pip compile pyproject.toml -o uv.lock
annotated-types==0.7.0
    # via
    #   pdf-generator (pyproject.toml)
    #   pydantic
anyio==4.9.0
    # via
    #   pdf-generator (pyproject.toml)
    #   httpx
    #   mcp
    #   sse-starlette
    #   starlette
attrs==25.3.0
    # via
    #   pdf-generator (pyproject.toml)
    #   jsonschema
    #   referencing
certifi==2025.7.14
    # via
    #   httpcore
    #   httpx
charset-normalizer==3.4.2
    # via reportlab
h11==0.16.0
    # via httpcore
httpcore==1.0.9
    # via httpx
httpx==0.28.1
    # via mcp
httpx-sse==0.4.1
    # via mcp
idna==3.10
    # via
    #   pdf-generator (pyproject.toml)
    #   anyio
    #   httpx
jsonschema==4.25.0
    # via pdf-generator (pyproject.toml)
jsonschema-specifications==2025.4.1
    # via
    #   pdf-generator (pyproject.toml)
    #   jsonschema
mcp==1.1.3
    # via pdf-generator (pyproject.toml)
pillow==11.3.0
    # via
    #   pdf-generator (pyproject.toml)
    #   reportlab
pydantic==2.8.2
    # via
    #   pdf-generator (pyproject.toml)
    #   mcp
pydantic-core==2.20.1
    # via
    #   pdf-generator (pyproject.toml)
    #   pydantic
referencing==0.36.2
    # via
    #   pdf-generator (pyproject.toml)
    #   jsonschema
    #   jsonschema-specifications
reportlab==4.4.3
    # via pdf-generator (pyproject.toml)
rpds-py==0.26.0
    # via
    #   pdf-generator (pyproject.toml)
    #   jsonschema
    #   referencing
sniffio==1.3.1
    # via
    #   pdf-generator (pyproject.toml)
    #   anyio
sse-starlette==2.4.1
    # via mcp
starlette==0.47.2
    # via mcp
typing-extensions==4.14.1
    # via
    #   pdf-generator (pyproject.toml)
    #   pydantic
    #   pydantic-core
